
Microsoft Visual Studio Solution File, Format Version 12.00
# Visual Studio Version 17
VisualStudioVersion = 17.1.32228.430
MinimumVisualStudioVersion = 10.0.40219.1
Project("{9A19103F-16F7-4668-BE54-9A1E7A4F7556}") = "ResuMe.API", "Resume.API\ResuMe.API.csproj", "{9B68F026-6460-4562-89BE-D6D32503C4EB}"
EndProject
Project("{9A19103F-16F7-4668-BE54-9A1E7A4F7556}") = "ResuMe.BLL", "ResuMe.BLL\ResuMe.BLL.csproj", "{5F9AB132-8AB4-48AE-A1A2-9F3C36E42762}"
EndProject
Project("{FAE04EC0-301F-11D3-BF4B-00C04F79EFBC}") = "ResuMe.WebApp", "ResuMe.WebApp\ResuMe.WebApp.csproj", "{19014DBA-CAB2-402C-B3E6-C850E832C94C}"
EndProject
Project("{9A19103F-16F7-4668-BE54-9A1E7A4F7556}") = "ResuMe.Model", "ResuMe.Model\ResuMe.Model.csproj", "{81AB85F0-67CE-4898-BDEA-2A99D6AD8626}"
EndProject
Project("{9A19103F-16F7-4668-BE54-9A1E7A4F7556}") = "ResuMe.DAL", "ResuMe.DAL\ResuMe.DAL.csproj", "{32455795-ABE1-4DAE-B96F-4F1CB8DEA36E}"
EndProject
Global
	GlobalSection(SolutionConfigurationPlatforms) = preSolution
		Debug|Any CPU = Debug|Any CPU
		Release|Any CPU = Release|Any CPU
	EndGlobalSection
	GlobalSection(ProjectConfigurationPlatforms) = postSolution
		{9B68F026-6460-4562-89BE-D6D32503C4EB}.Debug|Any CPU.ActiveCfg = Debug|Any CPU
		{9B68F026-6460-4562-89BE-D6D32503C4EB}.Debug|Any CPU.Build.0 = Debug|Any CPU
		{9B68F026-6460-4562-89BE-D6D32503C4EB}.Release|Any CPU.ActiveCfg = Release|Any CPU
		{9B68F026-6460-4562-89BE-D6D32503C4EB}.Release|Any CPU.Build.0 = Release|Any CPU
		{5F9AB132-8AB4-48AE-A1A2-9F3C36E42762}.Debug|Any CPU.ActiveCfg = Debug|Any CPU
		{5F9AB132-8AB4-48AE-A1A2-9F3C36E42762}.Debug|Any CPU.Build.0 = Debug|Any CPU
		{5F9AB132-8AB4-48AE-A1A2-9F3C36E42762}.Release|Any CPU.ActiveCfg = Release|Any CPU
		{5F9AB132-8AB4-48AE-A1A2-9F3C36E42762}.Release|Any CPU.Build.0 = Release|Any CPU
		{19014DBA-CAB2-402C-B3E6-C850E832C94C}.Debug|Any CPU.ActiveCfg = Debug|Any CPU
		{19014DBA-CAB2-402C-B3E6-C850E832C94C}.Release|Any CPU.ActiveCfg = Release|Any CPU
		{81AB85F0-67CE-4898-BDEA-2A99D6AD8626}.Debug|Any CPU.ActiveCfg = Debug|Any CPU
		{81AB85F0-67CE-4898-BDEA-2A99D6AD8626}.Debug|Any CPU.Build.0 = Debug|Any CPU
		{81AB85F0-67CE-4898-BDEA-2A99D6AD8626}.Release|Any CPU.ActiveCfg = Release|Any CPU
		{81AB85F0-67CE-4898-BDEA-2A99D6AD8626}.Release|Any CPU.Build.0 = Release|Any CPU
		{32455795-ABE1-4DAE-B96F-4F1CB8DEA36E}.Debug|Any CPU.ActiveCfg = Debug|Any CPU
		{32455795-ABE1-4DAE-B96F-4F1CB8DEA36E}.Debug|Any CPU.Build.0 = Debug|Any CPU
		{32455795-ABE1-4DAE-B96F-4F1CB8DEA36E}.Release|Any CPU.ActiveCfg = Release|Any CPU
		{32455795-ABE1-4DAE-B96F-4F1CB8DEA36E}.Release|Any CPU.Build.0 = Release|Any CPU
	EndGlobalSection
	GlobalSection(SolutionProperties) = preSolution
		HideSolutionNode = FALSE
	EndGlobalSection
	GlobalSection(ExtensibilityGlobals) = postSolution
		SolutionGuid = {43096160-BA92-4FFC-B0FB-097B50434B77}
	EndGlobalSection
EndGlobal
